
Microsoft Visual Studio Solution File, Format Version 12.00
# Visual Studio Version 16
VisualStudioVersion = 16.0.29911.84
MinimumVisualStudioVersion = 10.0.40219.1
Project("{FAE04EC0-301F-11D3-BF4B-00C04F79EFBC}") = "Phuc", "Phuc\Phuc.csproj", "{C033C585-22F4-45DC-8A04-5FFE7AD4D4AD}"
EndProject
Global
	GlobalSection(SolutionConfigurationPlatforms) = preSolution
		Debug|Any CPU = Debug|Any CPU
		Release|Any CPU = Release|Any CPU
	EndGlobalSection
	GlobalSection(ProjectConfigurationPlatforms) = postSolution
		{C033C585-22F4-45DC-8A04-5FFE7AD4D4AD}.Debug|Any CPU.ActiveCfg = Debug|Any CPU
		{C033C585-22F4-45DC-8A04-5FFE7AD4D4AD}.Debug|Any CPU.Build.0 = Debug|Any CPU
		{C033C585-22F4-45DC-8A04-5FFE7AD4D4AD}.Release|Any CPU.ActiveCfg = Release|Any CPU
		{C033C585-22F4-45DC-8A04-5FFE7AD4D4AD}.Release|Any CPU.Build.0 = Release|Any CPU
	EndGlobalSection
	GlobalSection(SolutionProperties) = preSolution
		HideSolutionNode = FALSE
	EndGlobalSection
	GlobalSection(ExtensibilityGlobals) = postSolution
		SolutionGuid = {EEEEE493-F3E1-4DA9-ACE7-51990E86C263}
	EndGlobalSection
EndGlobal
